{
  "requires": true,
  "lockfileVersion": 1,
  "dependencies": {
    "jsc-android": {
      "version": "241213.1.0",
      "resolved": "https://registry.npmjs.org/jsc-android/-/jsc-android-241213.1.0.tgz",
      "integrity": "sha512-AH8NYyMNLNhcUEF97QbMxPNLNW+oiSBlvm1rsMNzgJ1d5TQzdh/AOJGsxeeESp3m9YIWGLCgUvGTVoVLs0p68A=="
    }
  }
}
